
Microsoft Visual Studio Solution File, Format Version 12.00
# Visual Studio Version 17
VisualStudioVersion = 17.5.33424.131
MinimumVisualStudioVersion = 10.0.40219.1
Project("{FAE04EC0-301F-11D3-BF4B-00C04F79EFBC}") = "Redon Text", "Redon Text\Redon Text.csproj", "{AD6F20E6-20FD-49B9-95BA-983494432EE5}"
EndProject
Global
	GlobalSection(SolutionConfigurationPlatforms) = preSolution
		Debug|Any CPU = Debug|Any CPU
		Release|Any CPU = Release|Any CPU
	EndGlobalSection
	GlobalSection(ProjectConfigurationPlatforms) = postSolution
		{AD6F20E6-20FD-49B9-95BA-983494432EE5}.Debug|Any CPU.ActiveCfg = Debug|Any CPU
		{AD6F20E6-20FD-49B9-95BA-983494432EE5}.Debug|Any CPU.Build.0 = Debug|Any CPU
		{AD6F20E6-20FD-49B9-95BA-983494432EE5}.Release|Any CPU.ActiveCfg = Release|Any CPU
		{AD6F20E6-20FD-49B9-95BA-983494432EE5}.Release|Any CPU.Build.0 = Release|Any CPU
	EndGlobalSection
	GlobalSection(SolutionProperties) = preSolution
		HideSolutionNode = FALSE
	EndGlobalSection
	GlobalSection(ExtensibilityGlobals) = postSolution
		SolutionGuid = {20BCDE6E-7004-464B-9436-BD00444CC513}
	EndGlobalSection
EndGlobal
